
Microsoft Visual Studio Solution File, Format Version 12.00
# Visual Studio Version 17
VisualStudioVersion = 17.6.33815.320
MinimumVisualStudioVersion = 10.0.40219.1
Project("{9A19103F-16F7-4668-BE54-9A1E7A4F7556}") = "libPluviometrie", "libPluviometrie\libPluviometrie.csproj", "{F90CDA58-81C0-4752-91C6-54CC78CC7FB8}"
EndProject
Project("{FAE04EC0-301F-11D3-BF4B-00C04F79EFBC}") = "cslPluviometrie", "cslPluviometrie\cslPluviometrie.csproj", "{9916CD5B-6689-4F81-A05F-5015DFC21B5B}"
EndProject
Global
	GlobalSection(SolutionConfigurationPlatforms) = preSolution
		Debug|Any CPU = Debug|Any CPU
		Release|Any CPU = Release|Any CPU
	EndGlobalSection
	GlobalSection(ProjectConfigurationPlatforms) = postSolution
		{F90CDA58-81C0-4752-91C6-54CC78CC7FB8}.Debug|Any CPU.ActiveCfg = Debug|Any CPU
		{F90CDA58-81C0-4752-91C6-54CC78CC7FB8}.Debug|Any CPU.Build.0 = Debug|Any CPU
		{F90CDA58-81C0-4752-91C6-54CC78CC7FB8}.Release|Any CPU.ActiveCfg = Release|Any CPU
		{F90CDA58-81C0-4752-91C6-54CC78CC7FB8}.Release|Any CPU.Build.0 = Release|Any CPU
		{9916CD5B-6689-4F81-A05F-5015DFC21B5B}.Debug|Any CPU.ActiveCfg = Debug|Any CPU
		{9916CD5B-6689-4F81-A05F-5015DFC21B5B}.Debug|Any CPU.Build.0 = Debug|Any CPU
		{9916CD5B-6689-4F81-A05F-5015DFC21B5B}.Release|Any CPU.ActiveCfg = Release|Any CPU
		{9916CD5B-6689-4F81-A05F-5015DFC21B5B}.Release|Any CPU.Build.0 = Release|Any CPU
	EndGlobalSection
	GlobalSection(SolutionProperties) = preSolution
		HideSolutionNode = FALSE
	EndGlobalSection
	GlobalSection(ExtensibilityGlobals) = postSolution
		SolutionGuid = {847FB4BB-8709-4DA5-A4EA-BAF6E8E52C6A}
	EndGlobalSection
EndGlobal
